# This file is automatically @generated by Cargo.
# It is not intended for manual editing.
version = 3

[[package]]
name = "aula004_custom_compiler_rules"
version = "0.1.0"

[[package]]
name = "aula005_desestruturing_tuples"
version = "0.1.0"

[[package]]
name = "aula006_double_doth"
version = "0.1.0"

[[package]]
name = "aula007_convert_type"
version = "0.1.0"

[[package]]
name = "aula008_comparing_types"
version = "0.1.0"

[[package]]
name = "aula009_const_max"
version = "0.1.0"

[[package]]
name = "aula010_checked_add"
version = "0.1.0"

[[package]]
name = "aula011_number_systems"
version = "0.1.0"

[[package]]
name = "aula012_float"
version = "0.1.0"

[[package]]
name = "aula013_float_precision"
version = "0.1.0"

[[package]]
name = "aula014_for_loop"
version = "0.1.0"

[[package]]
name = "rust_codes_fca"
version = "0.1.0"
